// !$*UTF8*$!
{
	archiveVersion = 1;
	classes = {
	};
	objectVersion = 48;
	objects = {

/* Begin PBXBuildFile section */
		EF39E927204847C4004AB332 /* AppDelegate.swift in Sources */ = {isa = PBXBuildFile; fileRef = EF39E926204847C4004AB332 /* AppDelegate.swift */; };
		EF39E929204847C4004AB332 /* ViewController.swift in Sources */ = {isa = PBXBuildFile; fileRef = EF39E928204847C4004AB332 /* ViewController.swift */; };
		EF39E92C204847C4004AB332 /* Main.storyboard in Resources */ = {isa = PBXBuildFile; fileRef = EF39E92A204847C4004AB332 /* Main.storyboard */; };
		EF39E92E204847C4004AB332 /* Assets.xcassets in Resources */ = {isa = PBXBuildFile; fileRef = EF39E92D204847C4004AB332 /* Assets.xcassets */; };
		EF39E931204847C4004AB332 /* LaunchScreen.storyboard in Resources */ = {isa = PBXBuildFile; fileRef = EF39E92F204847C4004AB332 /* LaunchScreen.storyboard */; };
		EF39E93C204847C5004AB332 /* BGShopTests.swift in Sources */ = {isa = PBXBuildFile; fileRef = EF39E93B204847C5004AB332 /* BGShopTests.swift */; };
		EF39E947204847C5004AB332 /* BGShopUITests.swift in Sources */ = {isa = PBXBuildFile; fileRef = EF39E946204847C5004AB332 /* BGShopUITests.swift */; };
/* End PBXBuildFile section */

/* Begin PBXContainerItemProxy section */
		EF39E938204847C5004AB332 /* PBXContainerItemProxy */ = {
			isa = PBXContainerItemProxy;
			containerPortal = EF39E91B204847C4004AB332 /* Project object */;
			proxyType = 1;
			remoteGlobalIDString = EF39E922204847C4004AB332;
			remoteInfo = BGShop;
		};
		EF39E943204847C5004AB332 /* PBXContainerItemProxy */ = {
			isa = PBXContainerItemProxy;
			containerPortal = EF39E91B204847C4004AB332 /* Project object */;
			proxyType = 1;
			remoteGlobalIDString = EF39E922204847C4004AB332;
			remoteInfo = BGShop;
		};
/* End PBXContainerItemProxy section */

/* Begin PBXFileReference section */
		EF39E923204847C4004AB332 /* BGShop.app */ = {isa = PBXFileReference; explicitFileType = wrapper.application; includeInIndex = 0; path = BGShop.app; sourceTree = BUILT_PRODUCTS_DIR; };
		EF39E926204847C4004AB332 /* AppDelegate.swift */ = {isa = PBXFileReference; lastKnownFileType = sourcecode.swift; path = AppDelegate.swift; sourceTree = "<group>"; };
		EF39E928204847C4004AB332 /* ViewController.swift */ = {isa = PBXFileReference; lastKnownFileType = sourcecode.swift; path = ViewController.swift; sourceTree = "<group>"; };
		EF39E92B204847C4004AB332 /* Base */ = {isa = PBXFileReference; lastKnownFileType = file.storyboard; name = Base; path = Base.lproj/Main.storyboard; sourceTree = "<group>"; };
		EF39E92D204847C4004AB332 /* Assets.xcassets */ = {isa = PBXFileReference; lastKnownFileType = folder.assetcatalog; path = Assets.xcassets; sourceTree = "<group>"; };
		EF39E930204847C4004AB332 /* Base */ = {isa = PBXFileReference; lastKnownFileType = file.storyboard; name = Base; path = Base.lproj/LaunchScreen.storyboard; sourceTree = "<group>"; };
		EF39E932204847C4004AB332 /* Info.plist */ = {isa = PBXFileReference; lastKnownFileType = text.plist.xml; path = Info.plist; sourceTree = "<group>"; };
		EF39E937204847C5004AB332 /* BGShopTests.xctest */ = {isa = PBXFileReference; explicitFileType = wrapper.cfbundle; includeInIndex = 0; path = BGShopTests.xctest; sourceTree = BUILT_PRODUCTS_DIR; };
		EF39E93B204847C5004AB332 /* BGShopTests.swift */ = {isa = PBXFileReference; lastKnownFileType = sourcecode.swift; path = BGShopTests.swift; sourceTree = "<group>"; };
		EF39E93D204847C5004AB332 /* Info.plist */ = {isa = PBXFileReference; lastKnownFileType = text.plist.xml; path = Info.plist; sourceTree = "<group>"; };
		EF39E942204847C5004AB332 /* BGShopUITests.xctest */ = {isa = PBXFileReference; explicitFileType = wrapper.cfbundle; includeInIndex = 0; path = BGShopUITests.xctest; sourceTree = BUILT_PRODUCTS_DIR; };
		EF39E946204847C5004AB332 /* BGShopUITests.swift */ = {isa = PBXFileReference; lastKnownFileType = sourcecode.swift; path = BGShopUITests.swift; sourceTree = "<group>"; };
		EF39E948204847C5004AB332 /* Info.plist */ = {isa = PBXFileReference; lastKnownFileType = text.plist.xml; path = Info.plist; sourceTree = "<group>"; };
/* End PBXFileReference section */

/* Begin PBXFrameworksBuildPhase section */
		EF39E920204847C4004AB332 /* Frameworks */ = {
			isa = PBXFrameworksBuildPhase;
			buildActionMask = 2147483647;
			files = (
			);
			runOnlyForDeploymentPostprocessing = 0;
		};
		EF39E934204847C5004AB332 /* Frameworks */ = {
			isa = PBXFrameworksBuildPhase;
			buildActionMask = 2147483647;
			files = (
			);
			runOnlyForDeploymentPostprocessing = 0;
		};
		EF39E93F204847C5004AB332 /* Frameworks */ = {
			isa = PBXFrameworksBuildPhase;
			buildActionMask = 2147483647;
			files = (
			);
			runOnlyForDeploymentPostprocessing = 0;
		};
/* End PBXFrameworksBuildPhase section */

/* Begin PBXGroup section */
		EF39E91A204847C4004AB332 = {
			isa = PBXGroup;
			children = (
				EF39E925204847C4004AB332 /* BGShop */,
				EF39E93A204847C5004AB332 /* BGShopTests */,
				EF39E945204847C5004AB332 /* BGShopUITests */,
				EF39E924204847C4004AB332 /* Products */,
			);
			sourceTree = "<group>";
		};
		EF39E924204847C4004AB332 /* Products */ = {
			isa = PBXGroup;
			children = (
				EF39E923204847C4004AB332 /* BGShop.app */,
				EF39E937204847C5004AB332 /* BGShopTests.xctest */,
				EF39E942204847C5004AB332 /* BGShopUITests.xctest */,
			);
			name = Products;
			sourceTree = "<group>";
		};
		EF39E925204847C4004AB332 /* BGShop */ = {
			isa = PBXGroup;
			children = (
				EF39E926204847C4004AB332 /* AppDelegate.swift */,
				EF39E928204847C4004AB332 /* ViewController.swift */,
				EF39E92A204847C4004AB332 /* Main.storyboard */,
				EF39E92D204847C4004AB332 /* Assets.xcassets */,
				EF39E92F204847C4004AB332 /* LaunchScreen.storyboard */,
				EF39E932204847C4004AB332 /* Info.plist */,
			);
			path = BGShop;
			sourceTree = "<group>";
		};
		EF39E93A204847C5004AB332 /* BGShopTests */ = {
			isa = PBXGroup;
			children = (
				EF39E93B204847C5004AB332 /* BGShopTests.swift */,
				EF39E93D204847C5004AB332 /* Info.plist */,
			);
			path = BGShopTests;
			sourceTree = "<group>";
		};
		EF39E945204847C5004AB332 /* BGShopUITests */ = {
			isa = PBXGroup;
			children = (
				EF39E946204847C5004AB332 /* BGShopUITests.swift */,
				EF39E948204847C5004AB332 /* Info.plist */,
			);
			path = BGShopUITests;
			sourceTree = "<group>";
		};
/* End PBXGroup section */

/* Begin PBXNativeTarget section */
		EF39E922204847C4004AB332 /* BGShop */ = {
			isa = PBXNativeTarget;
			buildConfigurationList = EF39E94B204847C5004AB332 /* Build configuration list for PBXNativeTarget "BGShop" */;
			buildPhases = (
				EF39E91F204847C4004AB332 /* Sources */,
				EF39E920204847C4004AB332 /* Frameworks */,
				EF39E921204847C4004AB332 /* Resources */,
			);
			buildRules = (
			);
			dependencies = (
			);
			name = BGShop;
			productName = BGShop;
			productReference = EF39E923204847C4004AB332 /* BGShop.app */;
			productType = "com.apple.product-type.application";
		};
		EF39E936204847C5004AB332 /* BGShopTests */ = {
			isa = PBXNativeTarget;
			buildConfigurationList = EF39E94E204847C5004AB332 /* Build configuration list for PBXNativeTarget "BGShopTests" */;
			buildPhases = (
				EF39E933204847C5004AB332 /* Sources */,
				EF39E934204847C5004AB332 /* Frameworks */,
				EF39E935204847C5004AB332 /* Resources */,
			);
			buildRules = (
			);
			dependencies = (
				EF39E939204847C5004AB332 /* PBXTargetDependency */,
			);
			name = BGShopTests;
			productName = BGShopTests;
			productReference = EF39E937204847C5004AB332 /* BGShopTests.xctest */;
			productType = "com.apple.product-type.bundle.unit-test";
		};
		EF39E941204847C5004AB332 /* BGShopUITests */ = {
			isa = PBXNativeTarget;
			buildConfigurationList = EF39E951204847C5004AB332 /* Build configuration list for PBXNativeTarget "BGShopUITests" */;
			buildPhases = (
				EF39E93E204847C5004AB332 /* Sources */,
				EF39E93F204847C5004AB332 /* Frameworks */,
				EF39E940204847C5004AB332 /* Resources */,
			);
			buildRules = (
			);
			dependencies = (
				EF39E944204847C5004AB332 /* PBXTargetDependency */,
			);
			name = BGShopUITests;
			productName = BGShopUITests;
			productReference = EF39E942204847C5004AB332 /* BGShopUITests.xctest */;
			productType = "com.apple.product-type.bundle.ui-testing";
		};
/* End PBXNativeTarget section */

/* Begin PBXProject section */
		EF39E91B204847C4004AB332 /* Project object */ = {
			isa = PBXProject;
			attributes = {
				LastSwiftUpdateCheck = 0920;
				LastUpgradeCheck = 0920;
				ORGANIZATIONNAME = Alumne.LaSalle.Gerard_Bhupi;
				TargetAttributes = {
					EF39E922204847C4004AB332 = {
						CreatedOnToolsVersion = 9.2;
						ProvisioningStyle = Automatic;
					};
					EF39E936204847C5004AB332 = {
						CreatedOnToolsVersion = 9.2;
						ProvisioningStyle = Automatic;
						TestTargetID = EF39E922204847C4004AB332;
					};
					EF39E941204847C5004AB332 = {
						CreatedOnToolsVersion = 9.2;
						ProvisioningStyle = Automatic;
						TestTargetID = EF39E922204847C4004AB332;
					};
				};
			};
			buildConfigurationList = EF39E91E204847C4004AB332 /* Build configuration list for PBXProject "BGShop" */;
			compatibilityVersion = "Xcode 8.0";
			developmentRegion = en;
			hasScannedForEncodings = 0;
			knownRegions = (
				en,
				Base,
			);
			mainGroup = EF39E91A204847C4004AB332;
			productRefGroup = EF39E924204847C4004AB332 /* Products */;
			projectDirPath = "";
			projectRoot = "";
			targets = (
				EF39E922204847C4004AB332 /* BGShop */,
				EF39E936204847C5004AB332 /* BGShopTests */,
				EF39E941204847C5004AB332 /* BGShopUITests */,
			);
		};
/* End PBXProject section */

/* Begin PBXResourcesBuildPhase section */
		EF39E921204847C4004AB332 /* Resources */ = {
			isa = PBXResourcesBuildPhase;
			buildActionMask = 2147483647;
			files = (
				EF39E931204847C4004AB332 /* LaunchScreen.storyboard in Resources */,
				EF39E92E204847C4004AB332 /* Assets.xcassets in Resources */,
				EF39E92C204847C4004AB332 /* Main.storyboard in Resources */,
			);
			runOnlyForDeploymentPostprocessing = 0;
		};
		EF39E935204847C5004AB332 /* Resources */ = {
			isa = PBXResourcesBuildPhase;
			buildActionMask = 2147483647;
			files = (
			);
			runOnlyForDeploymentPostprocessing = 0;
		};
		EF39E940204847C5004AB332 /* Resources */ = {
			isa = PBXResourcesBuildPhase;
			buildActionMask = 2147483647;
			files = (
			);
			runOnlyForDeploymentPostprocessing = 0;
		};
/* End PBXResourcesBuildPhase section */

/* Begin PBXSourcesBuildPhase section */
		EF39E91F204847C4004AB332 /* Sources */ = {
			isa = PBXSourcesBuildPhase;
			buildActionMask = 2147483647;
			files = (
				EF39E929204847C4004AB332 /* ViewController.swift in Sources */,
				EF39E927204847C4004AB332 /* AppDelegate.swift in Sources */,
			);
			runOnlyForDeploymentPostprocessing = 0;
		};
		EF39E933204847C5004AB332 /* Sources */ = {
			isa = PBXSourcesBuildPhase;
			buildActionMask = 2147483647;
			files = (
				EF39E93C204847C5004AB332 /* BGShopTests.swift in Sources */,
			);
			runOnlyForDeploymentPostprocessing = 0;
		};
		EF39E93E204847C5004AB332 /* Sources */ = {
			isa = PBXSourcesBuildPhase;
			buildActionMask = 2147483647;
			files = (
				EF39E947204847C5004AB332 /* BGShopUITests.swift in Sources */,
			);
			runOnlyForDeploymentPostprocessing = 0;
		};
/* End PBXSourcesBuildPhase section */

/* Begin PBXTargetDependency section */
		EF39E939204847C5004AB332 /* PBXTargetDependency */ = {
			isa = PBXTargetDependency;
			target = EF39E922204847C4004AB332 /* BGShop */;
			targetProxy = EF39E938204847C5004AB332 /* PBXContainerItemProxy */;
		};
		EF39E944204847C5004AB332 /* PBXTargetDependency */ = {
			isa = PBXTargetDependency;
			target = EF39E922204847C4004AB332 /* BGShop */;
			targetProxy = EF39E943204847C5004AB332 /* PBXContainerItemProxy */;
		};
/* End PBXTargetDependency section */

/* Begin PBXVariantGroup section */
		EF39E92A204847C4004AB332 /* Main.storyboard */ = {
			isa = PBXVariantGroup;
			children = (
				EF39E92B204847C4004AB332 /* Base */,
			);
			name = Main.storyboard;
			sourceTree = "<group>";
		};
		EF39E92F204847C4004AB332 /* LaunchScreen.storyboard */ = {
			isa = PBXVariantGroup;
			children = (
				EF39E930204847C4004AB332 /* Base */,
			);
			name = LaunchScreen.storyboard;
			sourceTree = "<group>";
		};
/* End PBXVariantGroup section */

/* Begin XCBuildConfiguration section */
		EF39E949204847C5004AB332 /* Debug */ = {
			isa = XCBuildConfiguration;
			buildSettings = {
				ALWAYS_SEARCH_USER_PATHS = NO;
				CLANG_ANALYZER_NONNULL = YES;
				CLANG_ANALYZER_NUMBER_OBJECT_CONVERSION = YES_AGGRESSIVE;
				CLANG_CXX_LANGUAGE_STANDARD = "gnu++14";
				CLANG_CXX_LIBRARY = "libc++";
				CLANG_ENABLE_MODULES = YES;
				CLANG_ENABLE_OBJC_ARC = YES;
				CLANG_WARN_BLOCK_CAPTURE_AUTORELEASING = YES;
				CLANG_WARN_BOOL_CONVERSION = YES;
				CLANG_WARN_COMMA = YES;
				CLANG_WARN_CONSTANT_CONVERSION = YES;
				CLANG_WARN_DIRECT_OBJC_ISA_USAGE = YES_ERROR;
				CLANG_WARN_DOCUMENTATION_COMMENTS = YES;
				CLANG_WARN_EMPTY_BODY = YES;
				CLANG_WARN_ENUM_CONVERSION = YES;
				CLANG_WARN_INFINITE_RECURSION = YES;
				CLANG_WARN_INT_CONVERSION = YES;
				CLANG_WARN_NON_LITERAL_NULL_CONVERSION = YES;
				CLANG_WARN_OBJC_LITERAL_CONVERSION = YES;
				CLANG_WARN_OBJC_ROOT_CLASS = YES_ERROR;
				CLANG_WARN_RANGE_LOOP_ANALYSIS = YES;
				CLANG_WARN_STRICT_PROTOTYPES = YES;
				CLANG_WARN_SUSPICIOUS_MOVE = YES;
				CLANG_WARN_UNGUARDED_AVAILABILITY = YES_AGGRESSIVE;
				CLANG_WARN_UNREACHABLE_CODE = YES;
				CLANG_WARN__DUPLICATE_METHOD_MATCH = YES;
				CODE_SIGN_IDENTITY = "iPhone Developer";
				COPY_PHASE_STRIP = NO;
				DEBUG_INFORMATION_FORMAT = dwarf;
				ENABLE_STRICT_OBJC_MSGSEND = YES;
				ENABLE_TESTABILITY = YES;
				GCC_C_LANGUAGE_STANDARD = gnu11;
				GCC_DYNAMIC_NO_PIC = NO;
				GCC_NO_COMMON_BLOCKS = YES;
				GCC_OPTIMIZATION_LEVEL = 0;
				GCC_PREPROCESSOR_DEFINITIONS = (
					"DEBUG=1",
					"$(inherited)",
				);
				GCC_WARN_64_TO_32_BIT_CONVERSION = YES;
				GCC_WARN_ABOUT_RETURN_TYPE = YES_ERROR;
				GCC_WARN_UNDECLARED_SELECTOR = YES;
				GCC_WARN_UNINITIALIZED_AUTOS = YES_AGGRESSIVE;
				GCC_WARN_UNUSED_FUNCTION = YES;
				GCC_WARN_UNUSED_VARIABLE = YES;
				IPHONEOS_DEPLOYMENT_TARGET = 11.2;
				MTL_ENABLE_DEBUG_INFO = YES;
				ONLY_ACTIVE_ARCH = YES;
				SDKROOT = iphoneos;
				SWIFT_ACTIVE_COMPILATION_CONDITIONS = DEBUG;
				SWIFT_OPTIMIZATION_LEVEL = "-Onone";
			};
			name = Debug;
		};
		EF39E94A204847C5004AB332 /* Release */ = {
			isa = XCBuildConfiguration;
			buildSettings = {
				ALWAYS_SEARCH_USER_PATHS = NO;
				CLANG_ANALYZER_NONNULL = YES;
				CLANG_ANALYZER_NUMBER_OBJECT_CONVERSION = YES_AGGRESSIVE;
				CLANG_CXX_LANGUAGE_STANDARD = "gnu++14";
				CLANG_CXX_LIBRARY = "libc++";
				CLANG_ENABLE_MODULES = YES;
				CLANG_ENABLE_OBJC_ARC = YES;
				CLANG_WARN_BLOCK_CAPTURE_AUTORELEASING = YES;
				CLANG_WARN_BOOL_CONVERSION = YES;
				CLANG_WARN_COMMA = YES;
				CLANG_WARN_CONSTANT_CONVERSION = YES;
				CLANG_WARN_DIRECT_OBJC_ISA_USAGE = YES_ERROR;
				CLANG_WARN_DOCUMENTATION_COMMENTS = YES;
				CLANG_WARN_EMPTY_BODY = YES;
				CLANG_WARN_ENUM_CONVERSION = YES;
				CLANG_WARN_INFINITE_RECURSION = YES;
				CLANG_WARN_INT_CONVERSION = YES;
				CLANG_WARN_NON_LITERAL_NULL_CONVERSION = YES;
				CLANG_WARN_OBJC_LITERAL_CONVERSION = YES;
				CLANG_WARN_OBJC_ROOT_CLASS = YES_ERROR;
				CLANG_WARN_RANGE_LOOP_ANALYSIS = YES;
				CLANG_WARN_STRICT_PROTOTYPES = YES;
				CLANG_WARN_SUSPICIOUS_MOVE = YES;
				CLANG_WARN_UNGUARDED_AVAILABILITY = YES_AGGRESSIVE;
				CLANG_WARN_UNREACHABLE_CODE = YES;
				CLANG_WARN__DUPLICATE_METHOD_MATCH = YES;
				CODE_SIGN_IDENTITY = "iPhone Developer";
				COPY_PHASE_STRIP = NO;
				DEBUG_INFORMATION_FORMAT = "dwarf-with-dsym";
				ENABLE_NS_ASSERTIONS = NO;
				ENABLE_STRICT_OBJC_MSGSEND = YES;
				GCC_C_LANGUAGE_STANDARD = gnu11;
				GCC_NO_COMMON_BLOCKS = YES;
				GCC_WARN_64_TO_32_BIT_CONVERSION = YES;
				GCC_WARN_ABOUT_RETURN_TYPE = YES_ERROR;
				GCC_WARN_UNDECLARED_SELECTOR = YES;
				GCC_WARN_UNINITIALIZED_AUTOS = YES_AGGRESSIVE;
				GCC_WARN_UNUSED_FUNCTION = YES;
				GCC_WARN_UNUSED_VARIABLE = YES;
				IPHONEOS_DEPLOYMENT_TARGET = 11.2;
				MTL_ENABLE_DEBUG_INFO = NO;
				SDKROOT = iphoneos;
				SWIFT_OPTIMIZATION_LEVEL = "-Owholemodule";
				VALIDATE_PRODUCT = YES;
			};
			name = Release;
		};
		EF39E94C204847C5004AB332 /* Debug */ = {
			isa = XCBuildConfiguration;
			buildSettings = {
				ASSETCATALOG_COMPILER_APPICON_NAME = AppIcon;
				CODE_SIGN_STYLE = Automatic;
				INFOPLIST_FILE = BGShop/Info.plist;
				LD_RUNPATH_SEARCH_PATHS = "$(inherited) @executable_path/Frameworks";
				PRODUCT_BUNDLE_IDENTIFIER = werwre.BGShop;
				PRODUCT_NAME = "$(TARGET_NAME)";
				SWIFT_VERSION = 4.0;
				TARGETED_DEVICE_FAMILY = "1,2";
			};
			name = Debug;
		};
		EF39E94D204847C5004AB332 /* Release */ = {
			isa = XCBuildConfiguration;
			buildSettings = {
				ASSETCATALOG_COMPILER_APPICON_NAME = AppIcon;
				CODE_SIGN_STYLE = Automatic;
				INFOPLIST_FILE = BGShop/Info.plist;
				LD_RUNPATH_SEARCH_PATHS = "$(inherited) @executable_path/Frameworks";
				PRODUCT_BUNDLE_IDENTIFIER = werwre.BGShop;
				PRODUCT_NAME = "$(TARGET_NAME)";
				SWIFT_VERSION = 4.0;
				TARGETED_DEVICE_FAMILY = "1,2";
			};
			name = Release;
		};
		EF39E94F204847C5004AB332 /* Debug */ = {
			isa = XCBuildConfiguration;
			buildSettings = {
				ALWAYS_EMBED_SWIFT_STANDARD_LIBRARIES = YES;
				BUNDLE_LOADER = "$(TEST_HOST)";
				CODE_SIGN_STYLE = Automatic;
				INFOPLIST_FILE = BGShopTests/Info.plist;
				LD_RUNPATH_SEARCH_PATHS = "$(inherited) @executable_path/Frameworks @loader_path/Frameworks";
				PRODUCT_BUNDLE_IDENTIFIER = werwre.BGShopTests;
				PRODUCT_NAME = "$(TARGET_NAME)";
				SWIFT_VERSION = 4.0;
				TARGETED_DEVICE_FAMILY = "1,2";
				TEST_HOST = "$(BUILT_PRODUCTS_DIR)/BGShop.app/BGShop";
			};
			name = Debug;
		};
		EF39E950204847C5004AB332 /* Release */ = {
			isa = XCBuildConfiguration;
			buildSettings = {
				ALWAYS_EMBED_SWIFT_STANDARD_LIBRARIES = YES;
				BUNDLE_LOADER = "$(TEST_HOST)";
				CODE_SIGN_STYLE = Automatic;
				INFOPLIST_FILE = BGShopTests/Info.plist;
				LD_RUNPATH_SEARCH_PATHS = "$(inherited) @executable_path/Frameworks @loader_path/Frameworks";
				PRODUCT_BUNDLE_IDENTIFIER = werwre.BGShopTests;
				PRODUCT_NAME = "$(TARGET_NAME)";
				SWIFT_VERSION = 4.0;
				TARGETED_DEVICE_FAMILY = "1,2";
				TEST_HOST = "$(BUILT_PRODUCTS_DIR)/BGShop.app/BGShop";
			};
			name = Release;
		};
		EF39E952204847C5004AB332 /* Debug */ = {
			isa = XCBuildConfiguration;
			buildSettings = {
				ALWAYS_EMBED_SWIFT_STANDARD_LIBRARIES = YES;
				CODE_SIGN_STYLE = Automatic;
				INFOPLIST_FILE = BGShopUITests/Info.plist;
				LD_RUNPATH_SEARCH_PATHS = "$(inherited) @executable_path/Frameworks @loader_path/Frameworks";
				PRODUCT_BUNDLE_IDENTIFIER = werwre.BGShopUITests;
				PRODUCT_NAME = "$(TARGET_NAME)";
				SWIFT_VERSION = 4.0;
				TARGETED_DEVICE_FAMILY = "1,2";
				TEST_TARGET_NAME = BGShop;
			};
			name = Debug;
		};
		EF39E953204847C5004AB332 /* Release */ = {
			isa = XCBuildConfiguration;
			buildSettings = {
				ALWAYS_EMBED_SWIFT_STANDARD_LIBRARIES = YES;
				CODE_SIGN_STYLE = Automatic;
				INFOPLIST_FILE = BGShopUITests/Info.plist;
				LD_RUNPATH_SEARCH_PATHS = "$(inherited) @executable_path/Frameworks @loader_path/Frameworks";
				PRODUCT_BUNDLE_IDENTIFIER = werwre.BGShopUITests;
				PRODUCT_NAME = "$(TARGET_NAME)";
				SWIFT_VERSION = 4.0;
				TARGETED_DEVICE_FAMILY = "1,2";
				TEST_TARGET_NAME = BGShop;
			};
			name = Release;
		};
/* End XCBuildConfiguration section */

/* Begin XCConfigurationList section */
		EF39E91E204847C4004AB332 /* Build configuration list for PBXProject "BGShop" */ = {
			isa = XCConfigurationList;
			buildConfigurations = (
				EF39E949204847C5004AB332 /* Debug */,
				EF39E94A204847C5004AB332 /* Release */,
			);
			defaultConfigurationIsVisible = 0;
			defaultConfigurationName = Release;
		};
		EF39E94B204847C5004AB332 /* Build configuration list for PBXNativeTarget "BGShop" */ = {
			isa = XCConfigurationList;
			buildConfigurations = (
				EF39E94C204847C5004AB332 /* Debug */,
				EF39E94D204847C5004AB332 /* Release */,
			);
			defaultConfigurationIsVisible = 0;
			defaultConfigurationName = Release;
		};
		EF39E94E204847C5004AB332 /* Build configuration list for PBXNativeTarget "BGShopTests" */ = {
			isa = XCConfigurationList;
			buildConfigurations = (
				EF39E94F204847C5004AB332 /* Debug */,
				EF39E950204847C5004AB332 /* Release */,
			);
			defaultConfigurationIsVisible = 0;
			defaultConfigurationName = Release;
		};
		EF39E951204847C5004AB332 /* Build configuration list for PBXNativeTarget "BGShopUITests" */ = {
			isa = XCConfigurationList;
			buildConfigurations = (
				EF39E952204847C5004AB332 /* Debug */,
				EF39E953204847C5004AB332 /* Release */,
			);
			defaultConfigurationIsVisible = 0;
			defaultConfigurationName = Release;
		};
/* End XCConfigurationList section */
	};
	rootObject = EF39E91B204847C4004AB332 /* Project object */;
}
